# This file was autogenerated by Stack.
# You should not edit this file by hand.
# For more information, please see the documentation at:
#   https://docs.haskellstack.org/en/stable/lock_files

packages:
- completed:
    hackage: squeal-postgresql-0.6.0.1@sha256:b6e874d4cf215a5b57b8d070d02ac64bb5e5a4b5ab1e7a1d3c4d3321bf6f82cb,5624
    pantry-tree:
      size: 5567
      sha256: 65dda88a47d3d779f909e80c82e79674496a3610a90400bb97a806ae6300d3d9
  original:
    hackage: squeal-postgresql-0.6.0.1
- completed:
    hackage: free-categories-0.2.0.0@sha256:2d248c669140cf82324569eaf90406c7c9d4a510088aca1979c9bd411bc5980c,855
    pantry-tree:
      size: 521
      sha256: af05c360575925cbb741acfc8daf527ede3b17bf6cc33b25b699821753f545f2
  original:
    hackage: free-categories-0.2.0.0@sha256:2d248c669140cf82324569eaf90406c7c9d4a510088aca1979c9bd411bc5980c,855
- completed:
    hackage: tmp-postgres-1.34.1.0@sha256:7d6fd2e6f737890857aa60be1ba2828093c057db272e16180e99cd51566fead7,4753
    pantry-tree:
      size: 816
      sha256: 328061c9ec70b240b5a247164ba049d56a7e217409cebb69ed528cc280ee3a74
  original:
    hackage: tmp-postgres-1.34.1.0
- completed:
    hackage: generic-monoid-0.1.0.0@sha256:372875d12742b97befaacbd08a35c2e73cc3821a3b7a09ec1b17a079d0b24ff7,856
    pantry-tree:
      size: 393
      sha256: 97b556af7f3209f1da5099f50727008d771b72ac0b64b4a640c20f1621eb669b
  original:
    hackage: generic-monoid-0.1.0.0@sha256:372875d12742b97befaacbd08a35c2e73cc3821a3b7a09ec1b17a079d0b24ff7,856
- completed:
    hackage: postgres-options-0.2.0.0@sha256:5e2d6408ed3943f9a056b58106186397b9aa1424c56f1f26668305ce8ea2838f,1604
    pantry-tree:
      size: 295
      sha256: a9fb2bafbaca65c548916e9276ad129302e0b82b7cc9a5c74d3b359a7a77d598
  original:
    hackage: postgres-options-0.2.0.0@sha256:5e2d6408ed3943f9a056b58106186397b9aa1424c56f1f26668305ce8ea2838f,1604
snapshots:
- completed:
    size: 524164
    url: https://raw.githubusercontent.com/commercialhaskell/stackage-snapshots/master/lts/14/22.yaml
    sha256: 7ad8f33179b32d204165a3a662c6269464a47a7e65a30abc38d01b5a38ec42c0
  original: lts-14.22
