# This file was autogenerated by Stack.
# You should not edit this file by hand.
# For more information, please see the documentation at:
#   https://docs.haskellstack.org/en/stable/lock_files

packages:
- completed:
    hackage: squeal-postgresql-0.5.1.0@sha256:731c2bc1dbf3b02ffc8a3fe2b9215655c2b8e06aa49d18cd6ae66d91de03391f,3449
    pantry-tree:
      size: 2959
      sha256: bbd3ee0aff2c824b5184ce62ca801d073c2c1ce1ece0af51c994891fe9e40f47
  original:
    hackage: squeal-postgresql-0.5.1.0@sha256:731c2bc1dbf3b02ffc8a3fe2b9215655c2b8e06aa49d18cd6ae66d91de03391f,3449
snapshots:
- completed:
    size: 524164
    url: https://raw.githubusercontent.com/commercialhaskell/stackage-snapshots/master/lts/14/22.yaml
    sha256: 7ad8f33179b32d204165a3a662c6269464a47a7e65a30abc38d01b5a38ec42c0
  original: lts-14.22
